// !$*UTF8*$!
{
	archiveVersion = 1;
	classes = {
	};
	objectVersion = 56;
	objects = {

/* Begin PBXBuildFile section */
		6A3090E92AE15A3400022C1B /* RealityKitContent in Frameworks */ = {isa = PBXBuildFile; productRef = 6A3090E82AE15A3400022C1B /* RealityKitContent */; };
		6A3090EB2AE15A3400022C1B /* visionOSAPIStarterApp.swift in Sources */ = {isa = PBXBuildFile; fileRef = 6A3090EA2AE15A3400022C1B /* visionOSAPIStarterApp.swift */; };
		6A3090ED2AE15A3400022C1B /* ContentView.swift in Sources */ = {isa = PBXBuildFile; fileRef = 6A3090EC2AE15A3400022C1B /* ContentView.swift */; };
		6A3090EF2AE15A3400022C1B /* ImmersiveView.swift in Sources */ = {isa = PBXBuildFile; fileRef = 6A3090EE2AE15A3400022C1B /* ImmersiveView.swift */; };
		6A3090F12AE15A3500022C1B /* Assets.xcassets in Resources */ = {isa = PBXBuildFile; fileRef = 6A3090F02AE15A3500022C1B /* Assets.xcassets */; };
		6A3090F42AE15A3500022C1B /* Preview Assets.xcassets in Resources */ = {isa = PBXBuildFile; fileRef = 6A3090F32AE15A3500022C1B /* Preview Assets.xcassets */; };
		6A3090FC2AE1624200022C1B /* EntityHelperMethods.swift in Sources */ = {isa = PBXBuildFile; fileRef = 6A3090FB2AE1624200022C1B /* EntityHelperMethods.swift */; };
		6A3091002AE1629700022C1B /* checker.png in Resources */ = {isa = PBXBuildFile; fileRef = 6A3090FE2AE1629700022C1B /* checker.png */; };
		6A3091042AE162A500022C1B /* toy_biplane.usdz in Resources */ = {isa = PBXBuildFile; fileRef = 6A3091032AE162A500022C1B /* toy_biplane.usdz */; };
		6A802B9C2AE15AAC00288730 /* ViewModel.swift in Sources */ = {isa = PBXBuildFile; fileRef = 6A802B9B2AE15AAC00288730 /* ViewModel.swift */; };
/* End PBXBuildFile section */

/* Begin PBXFileReference section */
		6A3090E32AE15A3400022C1B /* visionOSAPIStarter.app */ = {isa = PBXFileReference; explicitFileType = wrapper.application; includeInIndex = 0; path = visionOSAPIStarter.app; sourceTree = BUILT_PRODUCTS_DIR; };
		6A3090E72AE15A3400022C1B /* RealityKitContent */ = {isa = PBXFileReference; lastKnownFileType = wrapper; path = RealityKitContent; sourceTree = "<group>"; };
		6A3090EA2AE15A3400022C1B /* visionOSAPIStarterApp.swift */ = {isa = PBXFileReference; lastKnownFileType = sourcecode.swift; path = visionOSAPIStarterApp.swift; sourceTree = "<group>"; };
		6A3090EC2AE15A3400022C1B /* ContentView.swift */ = {isa = PBXFileReference; lastKnownFileType = sourcecode.swift; path = ContentView.swift; sourceTree = "<group>"; };
		6A3090EE2AE15A3400022C1B /* ImmersiveView.swift */ = {isa = PBXFileReference; lastKnownFileType = sourcecode.swift; path = ImmersiveView.swift; sourceTree = "<group>"; };
		6A3090F02AE15A3500022C1B /* Assets.xcassets */ = {isa = PBXFileReference; lastKnownFileType = folder.assetcatalog; path = Assets.xcassets; sourceTree = "<group>"; };
		6A3090F32AE15A3500022C1B /* Preview Assets.xcassets */ = {isa = PBXFileReference; lastKnownFileType = folder.assetcatalog; path = "Preview Assets.xcassets"; sourceTree = "<group>"; };
		6A3090F52AE15A3500022C1B /* Info.plist */ = {isa = PBXFileReference; lastKnownFileType = text.plist.xml; path = Info.plist; sourceTree = "<group>"; };
		6A3090FB2AE1624200022C1B /* EntityHelperMethods.swift */ = {isa = PBXFileReference; fileEncoding = 4; lastKnownFileType = sourcecode.swift; path = EntityHelperMethods.swift; sourceTree = "<group>"; };
		6A3090FE2AE1629700022C1B /* checker.png */ = {isa = PBXFileReference; lastKnownFileType = image.png; path = checker.png; sourceTree = "<group>"; };
		6A3091032AE162A500022C1B /* toy_biplane.usdz */ = {isa = PBXFileReference; lastKnownFileType = file.usdz; path = toy_biplane.usdz; sourceTree = "<group>"; };
		6A802B9B2AE15AAC00288730 /* ViewModel.swift */ = {isa = PBXFileReference; fileEncoding = 4; lastKnownFileType = sourcecode.swift; path = ViewModel.swift; sourceTree = "<group>"; };
/* End PBXFileReference section */

/* Begin PBXFrameworksBuildPhase section */
		6A3090E02AE15A3400022C1B /* Frameworks */ = {
			isa = PBXFrameworksBuildPhase;
			buildActionMask = 2147483647;
			files = (
				6A3090E92AE15A3400022C1B /* RealityKitContent in Frameworks */,
			);
			runOnlyForDeploymentPostprocessing = 0;
		};
/* End PBXFrameworksBuildPhase section */

/* Begin PBXGroup section */
		6A3090DA2AE15A3400022C1B = {
			isa = PBXGroup;
			children = (
				6A3090E52AE15A3400022C1B /* visionOSAPIStarter */,
				6A3090E62AE15A3400022C1B /* Packages */,
				6A3090E42AE15A3400022C1B /* Products */,
			);
			sourceTree = "<group>";
		};
		6A3090E42AE15A3400022C1B /* Products */ = {
			isa = PBXGroup;
			children = (
				6A3090E32AE15A3400022C1B /* visionOSAPIStarter.app */,
			);
			name = Products;
			sourceTree = "<group>";
		};
		6A3090E52AE15A3400022C1B /* visionOSAPIStarter */ = {
			isa = PBXGroup;
			children = (
				6A3090EA2AE15A3400022C1B /* visionOSAPIStarterApp.swift */,
				6A802B9B2AE15AAC00288730 /* ViewModel.swift */,
				6A3090EC2AE15A3400022C1B /* ContentView.swift */,
				6A3090EE2AE15A3400022C1B /* ImmersiveView.swift */,
				6A3090FB2AE1624200022C1B /* EntityHelperMethods.swift */,
				6A3090F02AE15A3500022C1B /* Assets.xcassets */,
				6A3090F52AE15A3500022C1B /* Info.plist */,
				6A3090FD2AE1629700022C1B /* Images */,
				6A3091022AE162A500022C1B /* Models */,
				6A3090F22AE15A3500022C1B /* Preview Content */,
			);
			path = visionOSAPIStarter;
			sourceTree = "<group>";
		};
		6A3090E62AE15A3400022C1B /* Packages */ = {
			isa = PBXGroup;
			children = (
				6A3090E72AE15A3400022C1B /* RealityKitContent */,
			);
			path = Packages;
			sourceTree = "<group>";
		};
		6A3090F22AE15A3500022C1B /* Preview Content */ = {
			isa = PBXGroup;
			children = (
				6A3090F32AE15A3500022C1B /* Preview Assets.xcassets */,
			);
			path = "Preview Content";
			sourceTree = "<group>";
		};
		6A3090FD2AE1629700022C1B /* Images */ = {
			isa = PBXGroup;
			children = (
				6A3090FE2AE1629700022C1B /* checker.png */,
			);
			path = Images;
			sourceTree = "<group>";
		};
		6A3091022AE162A500022C1B /* Models */ = {
			isa = PBXGroup;
			children = (
				6A3091032AE162A500022C1B /* toy_biplane.usdz */,
			);
			path = Models;
			sourceTree = "<group>";
		};
/* End PBXGroup section */

/* Begin PBXNativeTarget section */
		6A3090E22AE15A3400022C1B /* visionOSAPIStarter */ = {
			isa = PBXNativeTarget;
			buildConfigurationList = 6A3090F82AE15A3500022C1B /* Build configuration list for PBXNativeTarget "visionOSAPIStarter" */;
			buildPhases = (
				6A3090DF2AE15A3400022C1B /* Sources */,
				6A3090E02AE15A3400022C1B /* Frameworks */,
				6A3090E12AE15A3400022C1B /* Resources */,
			);
			buildRules = (
			);
			dependencies = (
			);
			name = visionOSAPIStarter;
			packageProductDependencies = (
				6A3090E82AE15A3400022C1B /* RealityKitContent */,
			);
			productName = visionOSAPIStarter;
			productReference = 6A3090E32AE15A3400022C1B /* visionOSAPIStarter.app */;
			productType = "com.apple.product-type.application";
		};
/* End PBXNativeTarget section */

/* Begin PBXProject section */
		6A3090DB2AE15A3400022C1B /* Project object */ = {
			isa = PBXProject;
			attributes = {
				BuildIndependentTargetsInParallel = 1;
				LastSwiftUpdateCheck = 1510;
				LastUpgradeCheck = 1510;
				ORGANIZATIONNAME = "Line Break, LLC";
				TargetAttributes = {
					6A3090E22AE15A3400022C1B = {
						CreatedOnToolsVersion = 15.1;
					};
				};
			};
			buildConfigurationList = 6A3090DE2AE15A3400022C1B /* Build configuration list for PBXProject "visionOSAPIStarter" */;
			compatibilityVersion = "Xcode 14.0";
			developmentRegion = en;
			hasScannedForEncodings = 0;
			knownRegions = (
				en,
				Base,
			);
			mainGroup = 6A3090DA2AE15A3400022C1B;
			productRefGroup = 6A3090E42AE15A3400022C1B /* Products */;
			projectDirPath = "";
			projectRoot = "";
			targets = (
				6A3090E22AE15A3400022C1B /* visionOSAPIStarter */,
			);
		};
/* End PBXProject section */

/* Begin PBXResourcesBuildPhase section */
		6A3090E12AE15A3400022C1B /* Resources */ = {
			isa = PBXResourcesBuildPhase;
			buildActionMask = 2147483647;
			files = (
				6A3091002AE1629700022C1B /* checker.png in Resources */,
				6A3091042AE162A500022C1B /* toy_biplane.usdz in Resources */,
				6A3090F42AE15A3500022C1B /* Preview Assets.xcassets in Resources */,
				6A3090F12AE15A3500022C1B /* Assets.xcassets in Resources */,
			);
			runOnlyForDeploymentPostprocessing = 0;
		};
/* End PBXResourcesBuildPhase section */

/* Begin PBXSourcesBuildPhase section */
		6A3090DF2AE15A3400022C1B /* Sources */ = {
			isa = PBXSourcesBuildPhase;
			buildActionMask = 2147483647;
			files = (
				6A3090ED2AE15A3400022C1B /* ContentView.swift in Sources */,
				6A3090EB2AE15A3400022C1B /* visionOSAPIStarterApp.swift in Sources */,
				6A802B9C2AE15AAC00288730 /* ViewModel.swift in Sources */,
				6A3090EF2AE15A3400022C1B /* ImmersiveView.swift in Sources */,
				6A3090FC2AE1624200022C1B /* EntityHelperMethods.swift in Sources */,
			);
			runOnlyForDeploymentPostprocessing = 0;
		};
/* End PBXSourcesBuildPhase section */

/* Begin XCBuildConfiguration section */
		6A3090F62AE15A3500022C1B /* Debug */ = {
			isa = XCBuildConfiguration;
			buildSettings = {
				ALWAYS_SEARCH_USER_PATHS = NO;
				ASSETCATALOG_COMPILER_GENERATE_SWIFT_ASSET_SYMBOL_EXTENSIONS = YES;
				CLANG_ANALYZER_NONNULL = YES;
				CLANG_ANALYZER_NUMBER_OBJECT_CONVERSION = YES_AGGRESSIVE;
				CLANG_CXX_LANGUAGE_STANDARD = "gnu++20";
				CLANG_ENABLE_MODULES = YES;
				CLANG_ENABLE_OBJC_ARC = YES;
				CLANG_ENABLE_OBJC_WEAK = YES;
				CLANG_WARN_BLOCK_CAPTURE_AUTORELEASING = YES;
				CLANG_WARN_BOOL_CONVERSION = YES;
				CLANG_WARN_COMMA = YES;
				CLANG_WARN_CONSTANT_CONVERSION = YES;
				CLANG_WARN_DEPRECATED_OBJC_IMPLEMENTATIONS = YES;
				CLANG_WARN_DIRECT_OBJC_ISA_USAGE = YES_ERROR;
				CLANG_WARN_DOCUMENTATION_COMMENTS = YES;
				CLANG_WARN_EMPTY_BODY = YES;
				CLANG_WARN_ENUM_CONVERSION = YES;
				CLANG_WARN_INFINITE_RECURSION = YES;
				CLANG_WARN_INT_CONVERSION = YES;
				CLANG_WARN_NON_LITERAL_NULL_CONVERSION = YES;
				CLANG_WARN_OBJC_IMPLICIT_RETAIN_SELF = YES;
				CLANG_WARN_OBJC_LITERAL_CONVERSION = YES;
				CLANG_WARN_OBJC_ROOT_CLASS = YES_ERROR;
				CLANG_WARN_QUOTED_INCLUDE_IN_FRAMEWORK_HEADER = YES;
				CLANG_WARN_RANGE_LOOP_ANALYSIS = YES;
				CLANG_WARN_STRICT_PROTOTYPES = YES;
				CLANG_WARN_SUSPICIOUS_MOVE = YES;
				CLANG_WARN_UNGUARDED_AVAILABILITY = YES_AGGRESSIVE;
				CLANG_WARN_UNREACHABLE_CODE = YES;
				CLANG_WARN__DUPLICATE_METHOD_MATCH = YES;
				COPY_PHASE_STRIP = NO;
				DEBUG_INFORMATION_FORMAT = dwarf;
				ENABLE_STRICT_OBJC_MSGSEND = YES;
				ENABLE_TESTABILITY = YES;
				ENABLE_USER_SCRIPT_SANDBOXING = YES;
				GCC_C_LANGUAGE_STANDARD = gnu17;
				GCC_DYNAMIC_NO_PIC = NO;
				GCC_NO_COMMON_BLOCKS = YES;
				GCC_OPTIMIZATION_LEVEL = 0;
				GCC_PREPROCESSOR_DEFINITIONS = (
					"DEBUG=1",
					"$(inherited)",
				);
				GCC_WARN_64_TO_32_BIT_CONVERSION = YES;
				GCC_WARN_ABOUT_RETURN_TYPE = YES_ERROR;
				GCC_WARN_UNDECLARED_SELECTOR = YES;
				GCC_WARN_UNINITIALIZED_AUTOS = YES_AGGRESSIVE;
				GCC_WARN_UNUSED_FUNCTION = YES;
				GCC_WARN_UNUSED_VARIABLE = YES;
				LOCALIZATION_PREFERS_STRING_CATALOGS = YES;
				MTL_ENABLE_DEBUG_INFO = INCLUDE_SOURCE;
				MTL_FAST_MATH = YES;
				ONLY_ACTIVE_ARCH = YES;
				SDKROOT = xros;
				SWIFT_ACTIVE_COMPILATION_CONDITIONS = "DEBUG $(inherited)";
				SWIFT_OPTIMIZATION_LEVEL = "-Onone";
				XROS_DEPLOYMENT_TARGET = 1.0;
			};
			name = Debug;
		};
		6A3090F72AE15A3500022C1B /* Release */ = {
			isa = XCBuildConfiguration;
			buildSettings = {
				ALWAYS_SEARCH_USER_PATHS = NO;
				ASSETCATALOG_COMPILER_GENERATE_SWIFT_ASSET_SYMBOL_EXTENSIONS = YES;
				CLANG_ANALYZER_NONNULL = YES;
				CLANG_ANALYZER_NUMBER_OBJECT_CONVERSION = YES_AGGRESSIVE;
				CLANG_CXX_LANGUAGE_STANDARD = "gnu++20";
				CLANG_ENABLE_MODULES = YES;
				CLANG_ENABLE_OBJC_ARC = YES;
				CLANG_ENABLE_OBJC_WEAK = YES;
				CLANG_WARN_BLOCK_CAPTURE_AUTORELEASING = YES;
				CLANG_WARN_BOOL_CONVERSION = YES;
				CLANG_WARN_COMMA = YES;
				CLANG_WARN_CONSTANT_CONVERSION = YES;
				CLANG_WARN_DEPRECATED_OBJC_IMPLEMENTATIONS = YES;
				CLANG_WARN_DIRECT_OBJC_ISA_USAGE = YES_ERROR;
				CLANG_WARN_DOCUMENTATION_COMMENTS = YES;
				CLANG_WARN_EMPTY_BODY = YES;
				CLANG_WARN_ENUM_CONVERSION = YES;
				CLANG_WARN_INFINITE_RECURSION = YES;
				CLANG_WARN_INT_CONVERSION = YES;
				CLANG_WARN_NON_LITERAL_NULL_CONVERSION = YES;
				CLANG_WARN_OBJC_IMPLICIT_RETAIN_SELF = YES;
				CLANG_WARN_OBJC_LITERAL_CONVERSION = YES;
				CLANG_WARN_OBJC_ROOT_CLASS = YES_ERROR;
				CLANG_WARN_QUOTED_INCLUDE_IN_FRAMEWORK_HEADER = YES;
				CLANG_WARN_RANGE_LOOP_ANALYSIS = YES;
				CLANG_WARN_STRICT_PROTOTYPES = YES;
				CLANG_WARN_SUSPICIOUS_MOVE = YES;
				CLANG_WARN_UNGUARDED_AVAILABILITY = YES_AGGRESSIVE;
				CLANG_WARN_UNREACHABLE_CODE = YES;
				CLANG_WARN__DUPLICATE_METHOD_MATCH = YES;
				COPY_PHASE_STRIP = NO;
				DEBUG_INFORMATION_FORMAT = "dwarf-with-dsym";
				ENABLE_NS_ASSERTIONS = NO;
				ENABLE_STRICT_OBJC_MSGSEND = YES;
				ENABLE_USER_SCRIPT_SANDBOXING = YES;
				GCC_C_LANGUAGE_STANDARD = gnu17;
				GCC_NO_COMMON_BLOCKS = YES;
				GCC_WARN_64_TO_32_BIT_CONVERSION = YES;
				GCC_WARN_ABOUT_RETURN_TYPE = YES_ERROR;
				GCC_WARN_UNDECLARED_SELECTOR = YES;
				GCC_WARN_UNINITIALIZED_AUTOS = YES_AGGRESSIVE;
				GCC_WARN_UNUSED_FUNCTION = YES;
				GCC_WARN_UNUSED_VARIABLE = YES;
				LOCALIZATION_PREFERS_STRING_CATALOGS = YES;
				MTL_ENABLE_DEBUG_INFO = NO;
				MTL_FAST_MATH = YES;
				SDKROOT = xros;
				SWIFT_COMPILATION_MODE = wholemodule;
				VALIDATE_PRODUCT = YES;
				XROS_DEPLOYMENT_TARGET = 1.0;
			};
			name = Release;
		};
		6A3090F92AE15A3500022C1B /* Debug */ = {
			isa = XCBuildConfiguration;
			buildSettings = {
				ASSETCATALOG_COMPILER_APPICON_NAME = AppIcon;
				ASSETCATALOG_COMPILER_GLOBAL_ACCENT_COLOR_NAME = AccentColor;
				CODE_SIGN_STYLE = Automatic;
				CURRENT_PROJECT_VERSION = 1;
				DEVELOPMENT_ASSET_PATHS = "\"visionOSAPIStarter/Preview Content\"";
				DEVELOPMENT_TEAM = "";
				ENABLE_PREVIEWS = YES;
				GENERATE_INFOPLIST_FILE = YES;
				INFOPLIST_FILE = "$(TARGET_NAME)/Info.plist";
				LD_RUNPATH_SEARCH_PATHS = (
					"$(inherited)",
					"@executable_path/Frameworks",
				);
				MARKETING_VERSION = 1.0;
				PRODUCT_BUNDLE_IDENTIFIER = studio.linebreak.visionOSAPIStarter;
				PRODUCT_NAME = "$(TARGET_NAME)";
				SUPPORTED_PLATFORMS = "xros xrsimulator";
				SWIFT_EMIT_LOC_STRINGS = YES;
				SWIFT_VERSION = 5.0;
				TARGETED_DEVICE_FAMILY = "1,2,7";
			};
			name = Debug;
		};
		6A3090FA2AE15A3500022C1B /* Release */ = {
			isa = XCBuildConfiguration;
			buildSettings = {
				ASSETCATALOG_COMPILER_APPICON_NAME = AppIcon;
				ASSETCATALOG_COMPILER_GLOBAL_ACCENT_COLOR_NAME = AccentColor;
				CODE_SIGN_STYLE = Automatic;
				CURRENT_PROJECT_VERSION = 1;
				DEVELOPMENT_ASSET_PATHS = "\"visionOSAPIStarter/Preview Content\"";
				DEVELOPMENT_TEAM = "";
				ENABLE_PREVIEWS = YES;
				GENERATE_INFOPLIST_FILE = YES;
				INFOPLIST_FILE = "$(TARGET_NAME)/Info.plist";
				LD_RUNPATH_SEARCH_PATHS = (
					"$(inherited)",
					"@executable_path/Frameworks",
				);
				MARKETING_VERSION = 1.0;
				PRODUCT_BUNDLE_IDENTIFIER = studio.linebreak.visionOSAPIStarter;
				PRODUCT_NAME = "$(TARGET_NAME)";
				SUPPORTED_PLATFORMS = "xros xrsimulator";
				SWIFT_EMIT_LOC_STRINGS = YES;
				SWIFT_VERSION = 5.0;
				TARGETED_DEVICE_FAMILY = "1,2,7";
			};
			name = Release;
		};
/* End XCBuildConfiguration section */

/* Begin XCConfigurationList section */
		6A3090DE2AE15A3400022C1B /* Build configuration list for PBXProject "visionOSAPIStarter" */ = {
			isa = XCConfigurationList;
			buildConfigurations = (
				6A3090F62AE15A3500022C1B /* Debug */,
				6A3090F72AE15A3500022C1B /* Release */,
			);
			defaultConfigurationIsVisible = 0;
			defaultConfigurationName = Release;
		};
		6A3090F82AE15A3500022C1B /* Build configuration list for PBXNativeTarget "visionOSAPIStarter" */ = {
			isa = XCConfigurationList;
			buildConfigurations = (
				6A3090F92AE15A3500022C1B /* Debug */,
				6A3090FA2AE15A3500022C1B /* Release */,
			);
			defaultConfigurationIsVisible = 0;
			defaultConfigurationName = Release;
		};
/* End XCConfigurationList section */

/* Begin XCSwiftPackageProductDependency section */
		6A3090E82AE15A3400022C1B /* RealityKitContent */ = {
			isa = XCSwiftPackageProductDependency;
			productName = RealityKitContent;
		};
/* End XCSwiftPackageProductDependency section */
	};
	rootObject = 6A3090DB2AE15A3400022C1B /* Project object */;
}
